
Microsoft Visual Studio Solution File, Format Version 12.00
# Visual Studio Version 17
VisualStudioVersion = 17.14.36221.1
MinimumVisualStudioVersion = 10.0.40219.1
Project("{FAE04EC0-301F-11D3-BF4B-00C04F79EFBC}") = "DelegatesAndEvents", "DelegatesAndEvents\DelegatesAndEvents.csproj", "{F195566A-C0D5-76AB-87EA-689230D533A5}"
EndProject
Global
	GlobalSection(SolutionConfigurationPlatforms) = preSolution
		Debug|Any CPU = Debug|Any CPU
		Release|Any CPU = Release|Any CPU
	EndGlobalSection
	GlobalSection(ProjectConfigurationPlatforms) = postSolution
		{F195566A-C0D5-76AB-87EA-689230D533A5}.Debug|Any CPU.ActiveCfg = Debug|Any CPU
		{F195566A-C0D5-76AB-87EA-689230D533A5}.Debug|Any CPU.Build.0 = Debug|Any CPU
		{F195566A-C0D5-76AB-87EA-689230D533A5}.Release|Any CPU.ActiveCfg = Release|Any CPU
		{F195566A-C0D5-76AB-87EA-689230D533A5}.Release|Any CPU.Build.0 = Release|Any CPU
	EndGlobalSection
	GlobalSection(SolutionProperties) = preSolution
		HideSolutionNode = FALSE
	EndGlobalSection
	GlobalSection(ExtensibilityGlobals) = postSolution
		SolutionGuid = {EDF3A83B-58DB-40DB-8EFD-E6F687AE88A5}
	EndGlobalSection
EndGlobal
